
Microsoft Visual Studio Solution File, Format Version 12.00
# Visual Studio Version 16
VisualStudioVersion = 16.0.29001.49
MinimumVisualStudioVersion = 10.0.40219.1
Project("{9A19103F-16F7-4668-BE54-9A1E7A4F7556}") = "TRG.Extensions.DependencyInjection", "TRG.Extensions.DependencyInjection\TRG.Extensions.DependencyInjection.csproj", "{716CDC57-8340-4F29-A02A-8901B94B7EC6}"
EndProject
Project("{9A19103F-16F7-4668-BE54-9A1E7A4F7556}") = "TRG.Extensions.Lambda", "TRG.Extensions.Lambda\TRG.Extensions.Lambda.csproj", "{80E39991-A2FE-4B41-B047-1C43B7CF051F}"
EndProject
Project("{9A19103F-16F7-4668-BE54-9A1E7A4F7556}") = "TRG.Extensions.Settings", "TRG.Extensions.Settings\TRG.Extensions.Settings.csproj", "{711D308F-F03D-4FC5-BC57-45AAC197871E}"
EndProject
Project("{9A19103F-16F7-4668-BE54-9A1E7A4F7556}") = "TRG.Extensions.Logging", "TRG.Extensions.Logging\TRG.Extensions.Logging.csproj", "{FD68B916-503A-476C-A6B8-7E8760B2FFEF}"
EndProject
Project("{9A19103F-16F7-4668-BE54-9A1E7A4F7556}") = "TRG.Extensions.Logging.Serilog", "TRG.Extensions.Logging.Serilog\TRG.Extensions.Logging.Serilog.csproj", "{C668ADA7-64E4-4D6C-AA53-9FB133FAA34D}"
EndProject
Project("{9A19103F-16F7-4668-BE54-9A1E7A4F7556}") = "TRG.Extensions.Logging.Serilog.Lambda", "TRG.Extensions.Logging.Serilog.Lambda\TRG.Extensions.Logging.Serilog.Lambda.csproj", "{1498208D-4956-44F1-83AD-60C04C5722D9}"
EndProject
Project("{9A19103F-16F7-4668-BE54-9A1E7A4F7556}") = "TRG.Extensions.Configuration", "TRG.Extensions.Configuration\TRG.Extensions.Configuration.csproj", "{A8202287-FF96-49ED-A335-915D7AB3907C}"
EndProject
Project("{9A19103F-16F7-4668-BE54-9A1E7A4F7556}") = "TRG.Extensions.Core", "TRG.Extensions.Core\TRG.Extensions.Core.csproj", "{2EE42390-D450-41E5-AAE7-8BCBD882DBC4}"
EndProject
Project("{9A19103F-16F7-4668-BE54-9A1E7A4F7556}") = "TRG.Extensions.Diagnosis", "TRG.Extensions.Diagnosis\TRG.Extensions.Diagnosis.csproj", "{9599589E-C755-4935-93BB-D4331EFA7447}"
EndProject
Project("{9A19103F-16F7-4668-BE54-9A1E7A4F7556}") = "TRG.Extensions.Net.Rest", "TRG.Extensions.Net.Rest\TRG.Extensions.Net.Rest.csproj", "{0C3099B1-F1AD-4A58-A1EA-0C2AEE116552}"
EndProject
Project("{9A19103F-16F7-4668-BE54-9A1E7A4F7556}") = "TRG.Extensions.Net.Rest.Test", "TRG.Extensions.Net.Rest.Test\TRG.Extensions.Net.Rest.Test.csproj", "{468C4F1A-2247-4268-94E5-B37A0ED91316}"
EndProject
Project("{9A19103F-16F7-4668-BE54-9A1E7A4F7556}") = "TRG.Extensions.ObjectMapping", "TRG.Extensions.ObjectMapping\TRG.Extensions.ObjectMapping.csproj", "{685677F0-633F-4327-BD0C-FAB81C932EEA}"
EndProject
Project("{9A19103F-16F7-4668-BE54-9A1E7A4F7556}") = "TRG.Extensions.Settings.ConfigurationExtensions", "TRG.Extensions.Settings.ConfigurationExtensions\TRG.Extensions.Settings.ConfigurationExtensions.csproj", "{38CF61B1-9DB1-4B99-BDD0-BB6E14B719CF}"
EndProject
Project("{9A19103F-16F7-4668-BE54-9A1E7A4F7556}") = "TRG.Extensions.Threading", "TRG.Extensions.Threading\TRG.Extensions.Threading.csproj", "{8B25C346-6665-4A3E-9AF3-0D19C6B50496}"
EndProject
Project("{9A19103F-16F7-4668-BE54-9A1E7A4F7556}") = "TRG.Extensions.Threading.Test", "TRG.Extensions.Threading.Test\TRG.Extensions.Threading.Test.csproj", "{961BAF86-FB8B-47FB-9E4F-360A6B0E5106}"
EndProject
Project("{2150E333-8FDC-42A3-9474-1A3956D46DE8}") = "Tests", "Tests", "{89A42478-F5C6-41FE-84B1-02BC83B46117}"
EndProject
Project("{2150E333-8FDC-42A3-9474-1A3956D46DE8}") = "NuGet", "NuGet", "{6D2DC7F2-5465-46AE-9E79-B34778C76650}"
	ProjectSection(SolutionItems) = preProject
		.nuget\NuGet.config = .nuget\NuGet.config
	EndProjectSection
EndProject
Project("{2150E333-8FDC-42A3-9474-1A3956D46DE8}") = "Pipelines", "Pipelines", "{53ADD4A9-4A0B-440F-8716-F4BDFF31BA87}"
	ProjectSection(SolutionItems) = preProject
		..\pr-pipeline.yml = ..\pr-pipeline.yml
		..\prerelease-pipeline.yml = ..\prerelease-pipeline.yml
		..\release-pipeline.yml = ..\release-pipeline.yml
	EndProjectSection
EndProject
Project("{9A19103F-16F7-4668-BE54-9A1E7A4F7556}") = "TRG.Extensions.DataAccess", "TRG.Extensions.DataAccess\TRG.Extensions.DataAccess.csproj", "{FA191235-5394-460A-BAB0-649DA35B766D}"
EndProject
Project("{9A19103F-16F7-4668-BE54-9A1E7A4F7556}") = "TRG.Extensions.DataAccess.DynamoDB", "TRG.Extensions.DataAccess.DynamoDB\TRG.Extensions.DataAccess.DynamoDB.csproj", "{723362A5-DF6A-4A23-B200-AF5504CC663A}"
EndProject
Project("{9A19103F-16F7-4668-BE54-9A1E7A4F7556}") = "TRG.Extensions.DataAccess.DynamoDB.Lambda", "TRG.Extensions.DataAccess.DynamoDB.Lambda\TRG.Extensions.DataAccess.DynamoDB.Lambda.csproj", "{3E0A00E8-607F-45B4-A1BE-4A265DC72B91}"
EndProject
Project("{FAE04EC0-301F-11D3-BF4B-00C04F79EFBC}") = "TRG.Extensions.DataAccess.EntityFramework", "TRG.Extensions.DataAccess.EntityFramework\TRG.Extensions.DataAccess.EntityFramework.csproj", "{5C83ED82-408F-49E6-9618-0914200AE107}"
EndProject
Global
	GlobalSection(SolutionConfigurationPlatforms) = preSolution
		Debug|Any CPU = Debug|Any CPU
		Release|Any CPU = Release|Any CPU
	EndGlobalSection
	GlobalSection(ProjectConfigurationPlatforms) = postSolution
		{716CDC57-8340-4F29-A02A-8901B94B7EC6}.Debug|Any CPU.ActiveCfg = Debug|Any CPU
		{716CDC57-8340-4F29-A02A-8901B94B7EC6}.Debug|Any CPU.Build.0 = Debug|Any CPU
		{716CDC57-8340-4F29-A02A-8901B94B7EC6}.Release|Any CPU.ActiveCfg = Release|Any CPU
		{716CDC57-8340-4F29-A02A-8901B94B7EC6}.Release|Any CPU.Build.0 = Release|Any CPU
		{80E39991-A2FE-4B41-B047-1C43B7CF051F}.Debug|Any CPU.ActiveCfg = Debug|Any CPU
		{80E39991-A2FE-4B41-B047-1C43B7CF051F}.Debug|Any CPU.Build.0 = Debug|Any CPU
		{80E39991-A2FE-4B41-B047-1C43B7CF051F}.Release|Any CPU.ActiveCfg = Release|Any CPU
		{80E39991-A2FE-4B41-B047-1C43B7CF051F}.Release|Any CPU.Build.0 = Release|Any CPU
		{711D308F-F03D-4FC5-BC57-45AAC197871E}.Debug|Any CPU.ActiveCfg = Debug|Any CPU
		{711D308F-F03D-4FC5-BC57-45AAC197871E}.Debug|Any CPU.Build.0 = Debug|Any CPU
		{711D308F-F03D-4FC5-BC57-45AAC197871E}.Release|Any CPU.ActiveCfg = Release|Any CPU
		{711D308F-F03D-4FC5-BC57-45AAC197871E}.Release|Any CPU.Build.0 = Release|Any CPU
		{FD68B916-503A-476C-A6B8-7E8760B2FFEF}.Debug|Any CPU.ActiveCfg = Debug|Any CPU
		{FD68B916-503A-476C-A6B8-7E8760B2FFEF}.Debug|Any CPU.Build.0 = Debug|Any CPU
		{FD68B916-503A-476C-A6B8-7E8760B2FFEF}.Release|Any CPU.ActiveCfg = Release|Any CPU
		{FD68B916-503A-476C-A6B8-7E8760B2FFEF}.Release|Any CPU.Build.0 = Release|Any CPU
		{C668ADA7-64E4-4D6C-AA53-9FB133FAA34D}.Debug|Any CPU.ActiveCfg = Debug|Any CPU
		{C668ADA7-64E4-4D6C-AA53-9FB133FAA34D}.Debug|Any CPU.Build.0 = Debug|Any CPU
		{C668ADA7-64E4-4D6C-AA53-9FB133FAA34D}.Release|Any CPU.ActiveCfg = Release|Any CPU
		{C668ADA7-64E4-4D6C-AA53-9FB133FAA34D}.Release|Any CPU.Build.0 = Release|Any CPU
		{1498208D-4956-44F1-83AD-60C04C5722D9}.Debug|Any CPU.ActiveCfg = Debug|Any CPU
		{1498208D-4956-44F1-83AD-60C04C5722D9}.Debug|Any CPU.Build.0 = Debug|Any CPU
		{1498208D-4956-44F1-83AD-60C04C5722D9}.Release|Any CPU.ActiveCfg = Release|Any CPU
		{1498208D-4956-44F1-83AD-60C04C5722D9}.Release|Any CPU.Build.0 = Release|Any CPU
		{A8202287-FF96-49ED-A335-915D7AB3907C}.Debug|Any CPU.ActiveCfg = Debug|Any CPU
		{A8202287-FF96-49ED-A335-915D7AB3907C}.Debug|Any CPU.Build.0 = Debug|Any CPU
		{A8202287-FF96-49ED-A335-915D7AB3907C}.Release|Any CPU.ActiveCfg = Release|Any CPU
		{A8202287-FF96-49ED-A335-915D7AB3907C}.Release|Any CPU.Build.0 = Release|Any CPU
		{2EE42390-D450-41E5-AAE7-8BCBD882DBC4}.Debug|Any CPU.ActiveCfg = Debug|Any CPU
		{2EE42390-D450-41E5-AAE7-8BCBD882DBC4}.Debug|Any CPU.Build.0 = Debug|Any CPU
		{2EE42390-D450-41E5-AAE7-8BCBD882DBC4}.Release|Any CPU.ActiveCfg = Release|Any CPU
		{2EE42390-D450-41E5-AAE7-8BCBD882DBC4}.Release|Any CPU.Build.0 = Release|Any CPU
		{9599589E-C755-4935-93BB-D4331EFA7447}.Debug|Any CPU.ActiveCfg = Debug|Any CPU
		{9599589E-C755-4935-93BB-D4331EFA7447}.Debug|Any CPU.Build.0 = Debug|Any CPU
		{9599589E-C755-4935-93BB-D4331EFA7447}.Release|Any CPU.ActiveCfg = Release|Any CPU
		{9599589E-C755-4935-93BB-D4331EFA7447}.Release|Any CPU.Build.0 = Release|Any CPU
		{0C3099B1-F1AD-4A58-A1EA-0C2AEE116552}.Debug|Any CPU.ActiveCfg = Debug|Any CPU
		{0C3099B1-F1AD-4A58-A1EA-0C2AEE116552}.Debug|Any CPU.Build.0 = Debug|Any CPU
		{0C3099B1-F1AD-4A58-A1EA-0C2AEE116552}.Release|Any CPU.ActiveCfg = Release|Any CPU
		{0C3099B1-F1AD-4A58-A1EA-0C2AEE116552}.Release|Any CPU.Build.0 = Release|Any CPU
		{468C4F1A-2247-4268-94E5-B37A0ED91316}.Debug|Any CPU.ActiveCfg = Debug|Any CPU
		{468C4F1A-2247-4268-94E5-B37A0ED91316}.Debug|Any CPU.Build.0 = Debug|Any CPU
		{468C4F1A-2247-4268-94E5-B37A0ED91316}.Release|Any CPU.ActiveCfg = Release|Any CPU
		{468C4F1A-2247-4268-94E5-B37A0ED91316}.Release|Any CPU.Build.0 = Release|Any CPU
		{685677F0-633F-4327-BD0C-FAB81C932EEA}.Debug|Any CPU.ActiveCfg = Debug|Any CPU
		{685677F0-633F-4327-BD0C-FAB81C932EEA}.Debug|Any CPU.Build.0 = Debug|Any CPU
		{685677F0-633F-4327-BD0C-FAB81C932EEA}.Release|Any CPU.ActiveCfg = Release|Any CPU
		{685677F0-633F-4327-BD0C-FAB81C932EEA}.Release|Any CPU.Build.0 = Release|Any CPU
		{38CF61B1-9DB1-4B99-BDD0-BB6E14B719CF}.Debug|Any CPU.ActiveCfg = Debug|Any CPU
		{38CF61B1-9DB1-4B99-BDD0-BB6E14B719CF}.Debug|Any CPU.Build.0 = Debug|Any CPU
		{38CF61B1-9DB1-4B99-BDD0-BB6E14B719CF}.Release|Any CPU.ActiveCfg = Release|Any CPU
		{38CF61B1-9DB1-4B99-BDD0-BB6E14B719CF}.Release|Any CPU.Build.0 = Release|Any CPU
		{8B25C346-6665-4A3E-9AF3-0D19C6B50496}.Debug|Any CPU.ActiveCfg = Debug|Any CPU
		{8B25C346-6665-4A3E-9AF3-0D19C6B50496}.Debug|Any CPU.Build.0 = Debug|Any CPU
		{8B25C346-6665-4A3E-9AF3-0D19C6B50496}.Release|Any CPU.ActiveCfg = Release|Any CPU
		{8B25C346-6665-4A3E-9AF3-0D19C6B50496}.Release|Any CPU.Build.0 = Release|Any CPU
		{961BAF86-FB8B-47FB-9E4F-360A6B0E5106}.Debug|Any CPU.ActiveCfg = Debug|Any CPU
		{961BAF86-FB8B-47FB-9E4F-360A6B0E5106}.Debug|Any CPU.Build.0 = Debug|Any CPU
		{961BAF86-FB8B-47FB-9E4F-360A6B0E5106}.Release|Any CPU.ActiveCfg = Release|Any CPU
		{961BAF86-FB8B-47FB-9E4F-360A6B0E5106}.Release|Any CPU.Build.0 = Release|Any CPU
		{FA191235-5394-460A-BAB0-649DA35B766D}.Debug|Any CPU.ActiveCfg = Debug|Any CPU
		{FA191235-5394-460A-BAB0-649DA35B766D}.Debug|Any CPU.Build.0 = Debug|Any CPU
		{FA191235-5394-460A-BAB0-649DA35B766D}.Release|Any CPU.ActiveCfg = Release|Any CPU
		{FA191235-5394-460A-BAB0-649DA35B766D}.Release|Any CPU.Build.0 = Release|Any CPU
		{723362A5-DF6A-4A23-B200-AF5504CC663A}.Debug|Any CPU.ActiveCfg = Debug|Any CPU
		{723362A5-DF6A-4A23-B200-AF5504CC663A}.Debug|Any CPU.Build.0 = Debug|Any CPU
		{723362A5-DF6A-4A23-B200-AF5504CC663A}.Release|Any CPU.ActiveCfg = Release|Any CPU
		{723362A5-DF6A-4A23-B200-AF5504CC663A}.Release|Any CPU.Build.0 = Release|Any CPU
		{3E0A00E8-607F-45B4-A1BE-4A265DC72B91}.Debug|Any CPU.ActiveCfg = Debug|Any CPU
		{3E0A00E8-607F-45B4-A1BE-4A265DC72B91}.Debug|Any CPU.Build.0 = Debug|Any CPU
		{3E0A00E8-607F-45B4-A1BE-4A265DC72B91}.Release|Any CPU.ActiveCfg = Release|Any CPU
		{3E0A00E8-607F-45B4-A1BE-4A265DC72B91}.Release|Any CPU.Build.0 = Release|Any CPU
		{5C83ED82-408F-49E6-9618-0914200AE107}.Debug|Any CPU.ActiveCfg = Debug|Any CPU
		{5C83ED82-408F-49E6-9618-0914200AE107}.Debug|Any CPU.Build.0 = Debug|Any CPU
		{5C83ED82-408F-49E6-9618-0914200AE107}.Release|Any CPU.ActiveCfg = Release|Any CPU
		{5C83ED82-408F-49E6-9618-0914200AE107}.Release|Any CPU.Build.0 = Release|Any CPU
	EndGlobalSection
	GlobalSection(SolutionProperties) = preSolution
		HideSolutionNode = FALSE
	EndGlobalSection
	GlobalSection(NestedProjects) = preSolution
		{468C4F1A-2247-4268-94E5-B37A0ED91316} = {89A42478-F5C6-41FE-84B1-02BC83B46117}
		{961BAF86-FB8B-47FB-9E4F-360A6B0E5106} = {89A42478-F5C6-41FE-84B1-02BC83B46117}
	EndGlobalSection
	GlobalSection(ExtensibilityGlobals) = postSolution
		SolutionGuid = {159DFE4C-08D3-4A3A-8B07-0A5CE42498BE}
	EndGlobalSection
EndGlobal
